<Solution>
  <Folder Name="/Elementos de la solución/">
    <File Path=".gitignore" />
  </Folder>
  <Project Path="BE662JS/BE662JS.csproj" Id="55424b5b-6ae2-422a-ae48-55bdfbe7837d" />
  <Project Path="BLL662JS/BLL662JS.csproj" Id="83559288-e642-41d5-a987-c48863fe0474" />
  <Project Path="DAL662JS/DAL662JS.csproj" Id="c32a8520-b008-4cf9-a3a0-ce6852f330d2" />
  <Project Path="Proyecto final/GUI662JS.csproj" Id="d11daa32-66a6-4b99-99d9-6c714cb02a6b" />
  <Project Path="Seguridad662JS/Seguridad662JS.csproj" Id="46ee396b-4d89-47cd-b797-2a7b961c914f" />
  <Project Path="Servicios662JS/Servicios662JS.csproj" Id="15ff38a8-a21f-4cd6-b036-4f1f363d6541" />
</Solution>
